
Microsoft Visual Studio Solution File, Format Version 12.00
# Visual Studio Version 17
VisualStudioVersion = 17.6.33829.357
MinimumVisualStudioVersion = 10.0.40219.1
Project("{9A19103F-16F7-4668-BE54-9A1E7A4F7556}") = "hello world", "hello world.csproj", "{948CAC65-9818-40D8-A00A-81401D8C3E26}"
EndProject
Project("{FAE04EC0-301F-11D3-BF4B-00C04F79EFBC}") = "ObjectOriented", "..\ObjectOriented\ObjectOriented.csproj", "{26B0E71C-7D2D-4EF3-AF65-369F907B7DC7}"
EndProject
Global
	GlobalSection(SolutionConfigurationPlatforms) = preSolution
		Debug|Any CPU = Debug|Any CPU
		Release|Any CPU = Release|Any CPU
	EndGlobalSection
	GlobalSection(ProjectConfigurationPlatforms) = postSolution
		{948CAC65-9818-40D8-A00A-81401D8C3E26}.Debug|Any CPU.ActiveCfg = Debug|Any CPU
		{948CAC65-9818-40D8-A00A-81401D8C3E26}.Debug|Any CPU.Build.0 = Debug|Any CPU
		{948CAC65-9818-40D8-A00A-81401D8C3E26}.Release|Any CPU.ActiveCfg = Release|Any CPU
		{948CAC65-9818-40D8-A00A-81401D8C3E26}.Release|Any CPU.Build.0 = Release|Any CPU
		{26B0E71C-7D2D-4EF3-AF65-369F907B7DC7}.Debug|Any CPU.ActiveCfg = Debug|Any CPU
		{26B0E71C-7D2D-4EF3-AF65-369F907B7DC7}.Debug|Any CPU.Build.0 = Debug|Any CPU
		{26B0E71C-7D2D-4EF3-AF65-369F907B7DC7}.Release|Any CPU.ActiveCfg = Release|Any CPU
		{26B0E71C-7D2D-4EF3-AF65-369F907B7DC7}.Release|Any CPU.Build.0 = Release|Any CPU
	EndGlobalSection
	GlobalSection(SolutionProperties) = preSolution
		HideSolutionNode = FALSE
	EndGlobalSection
	GlobalSection(ExtensibilityGlobals) = postSolution
		SolutionGuid = {35C56F5D-9A8A-433E-939A-20E1BED0E60D}
	EndGlobalSection
EndGlobal
